
Microsoft Visual Studio Solution File, Format Version 12.00
# Visual Studio Version 16
VisualStudioVersion = 16.0.31424.327
MinimumVisualStudioVersion = 10.0.40219.1
Project("{FAE04EC0-301F-11D3-BF4B-00C04F79EFBC}") = "Day2", "Day2.csproj", "{04EB5E41-3C86-4493-8A5D-11C3C83EAF46}"
EndProject
Global
	GlobalSection(SolutionConfigurationPlatforms) = preSolution
		Debug|Any CPU = Debug|Any CPU
		Release|Any CPU = Release|Any CPU
	EndGlobalSection
	GlobalSection(ProjectConfigurationPlatforms) = postSolution
		{04EB5E41-3C86-4493-8A5D-11C3C83EAF46}.Debug|Any CPU.ActiveCfg = Debug|Any CPU
		{04EB5E41-3C86-4493-8A5D-11C3C83EAF46}.Debug|Any CPU.Build.0 = Debug|Any CPU
		{04EB5E41-3C86-4493-8A5D-11C3C83EAF46}.Release|Any CPU.ActiveCfg = Release|Any CPU
		{04EB5E41-3C86-4493-8A5D-11C3C83EAF46}.Release|Any CPU.Build.0 = Release|Any CPU
	EndGlobalSection
	GlobalSection(SolutionProperties) = preSolution
		HideSolutionNode = FALSE
	EndGlobalSection
	GlobalSection(ExtensibilityGlobals) = postSolution
		SolutionGuid = {EE157F57-1087-433F-82BA-F616C964D443}
	EndGlobalSection
EndGlobal
